// !$*UTF8*$!
{
	archiveVersion = 1;
	classes = {
	};
	objectVersion = 56;
	objects = {

/* Begin PBXBuildFile section */
		A226F3FC2DE1529000444976 /* ExamenStepView.swift in Sources */ = {isa = PBXBuildFile; fileRef = A226F3FB2DE1529000444976 /* ExamenStepView.swift */; };
		A226F3FE2DE1549300444976 /* ExamenFlowView.swift in Sources */ = {isa = PBXBuildFile; fileRef = A226F3FD2DE1549300444976 /* ExamenFlowView.swift */; };
		A226F4002DE156B200444976 /* JournalView.swift in Sources */ = {isa = PBXBuildFile; fileRef = A226F3FF2DE156B200444976 /* JournalView.swift */; };
		A226F4022DE1572600444976 /* PersonalStatementView.swift in Sources */ = {isa = PBXBuildFile; fileRef = A226F4012DE1572600444976 /* PersonalStatementView.swift */; };
		A226F4072DE2114D00444976 /* ExamenPrepViewModel.swift in Sources */ = {isa = PBXBuildFile; fileRef = A226F4062DE2114D00444976 /* ExamenPrepViewModel.swift */; };
		A226F4092DE211A400444976 /* ExamenModel.swift in Sources */ = {isa = PBXBuildFile; fileRef = A226F4082DE211A400444976 /* ExamenModel.swift */; };
		A226F40B2DE213B200444976 /* ExamenFlowViewModel.swift in Sources */ = {isa = PBXBuildFile; fileRef = A226F40A2DE213B200444976 /* ExamenFlowViewModel.swift */; };
		A226F40D2DE213EB00444976 /* ExamenStepViewModel.swift in Sources */ = {isa = PBXBuildFile; fileRef = A226F40C2DE213EB00444976 /* ExamenStepViewModel.swift */; };
		A29386AC2DD7C89E0020E41B /* ExamenPrepView.swift in Sources */ = {isa = PBXBuildFile; fileRef = A29386AB2DD7C89E0020E41B /* ExamenPrepView.swift */; };
		A2A227D62DC4FD7200012DB9 /* IlluminoteSceneDemoApp.swift in Sources */ = {isa = PBXBuildFile; fileRef = A2A227D52DC4FD7200012DB9 /* IlluminoteSceneDemoApp.swift */; };
		A2A227D82DC4FD7200012DB9 /* ContentView.swift in Sources */ = {isa = PBXBuildFile; fileRef = A2A227D72DC4FD7200012DB9 /* ContentView.swift */; };
		A2A227DA2DC4FD7200012DB9 /* Item.swift in Sources */ = {isa = PBXBuildFile; fileRef = A2A227D92DC4FD7200012DB9 /* Item.swift */; };
		A2A227DC2DC4FD7500012DB9 /* Assets.xcassets in Resources */ = {isa = PBXBuildFile; fileRef = A2A227DB2DC4FD7500012DB9 /* Assets.xcassets */; };
		A2A227DF2DC4FD7500012DB9 /* Preview Assets.xcassets in Resources */ = {isa = PBXBuildFile; fileRef = A2A227DE2DC4FD7500012DB9 /* Preview Assets.xcassets */; };
		A2A227E92DC4FD7500012DB9 /* IlluminoteSceneDemoTests.swift in Sources */ = {isa = PBXBuildFile; fileRef = A2A227E82DC4FD7500012DB9 /* IlluminoteSceneDemoTests.swift */; };
		A2A227F32DC4FD7500012DB9 /* IlluminoteSceneDemoUITests.swift in Sources */ = {isa = PBXBuildFile; fileRef = A2A227F22DC4FD7500012DB9 /* IlluminoteSceneDemoUITests.swift */; };
		A2A227F52DC4FD7500012DB9 /* IlluminoteSceneDemoUITestsLaunchTests.swift in Sources */ = {isa = PBXBuildFile; fileRef = A2A227F42DC4FD7500012DB9 /* IlluminoteSceneDemoUITestsLaunchTests.swift */; };
		A2A228042DC4FEC900012DB9 /* VolumetricMistSceneView.swift in Sources */ = {isa = PBXBuildFile; fileRef = A2A228032DC4FEC900012DB9 /* VolumetricMistSceneView.swift */; };
		A2A228062DC5058100012DB9 /* spark.png in Resources */ = {isa = PBXBuildFile; fileRef = A2A228052DC5058100012DB9 /* spark.png */; };
		A2A228082DC5122500012DB9 /* VolumetricMist.scnp in Resources */ = {isa = PBXBuildFile; fileRef = A2A228072DC5122500012DB9 /* VolumetricMist.scnp */; };
		A2A2280A2DC51A2200012DB9 /* spark_blurred.png in Resources */ = {isa = PBXBuildFile; fileRef = A2A228092DC51A2200012DB9 /* spark_blurred.png */; };
		A2A2280C2DC5234200012DB9 /* blurry-chapel1.png in Resources */ = {isa = PBXBuildFile; fileRef = A2A2280B2DC5234200012DB9 /* blurry-chapel1.png */; };
		A2A2280E2DC5383800012DB9 /* Dim-Chapel-Interior1.png in Resources */ = {isa = PBXBuildFile; fileRef = A2A2280D2DC5383800012DB9 /* Dim-Chapel-Interior1.png */; };
		A2A228852DCA918D00012DB9 /* CloudChunk.swift in Sources */ = {isa = PBXBuildFile; fileRef = A2A228842DCA918D00012DB9 /* CloudChunk.swift */; };
		A2A228872DCAF4F100012DB9 /* StylizedCanyonScene.swift in Sources */ = {isa = PBXBuildFile; fileRef = A2A228862DCAF4F100012DB9 /* StylizedCanyonScene.swift */; };
		A2A228982DCB011800012DB9 /* distant_trees.png in Resources */ = {isa = PBXBuildFile; fileRef = A2A228932DCB011700012DB9 /* distant_trees.png */; };
		A2A228992DCB011800012DB9 /* mist_layer.png in Resources */ = {isa = PBXBuildFile; fileRef = A2A228942DCB011800012DB9 /* mist_layer.png */; };
		A2A2289A2DCB011800012DB9 /* sky_gradient.png in Resources */ = {isa = PBXBuildFile; fileRef = A2A228952DCB011800012DB9 /* sky_gradient.png */; };
		A2A2289B2DCB011800012DB9 /* foreground_rock.png in Resources */ = {isa = PBXBuildFile; fileRef = A2A228962DCB011800012DB9 /* foreground_rock.png */; };
		A2A2289C2DCB011800012DB9 /* canyon_wall.png in Resources */ = {isa = PBXBuildFile; fileRef = A2A228972DCB011800012DB9 /* canyon_wall.png */; };
		A2A2289E2DCB9AC300012DB9 /* sunset-moon-bg.png in Resources */ = {isa = PBXBuildFile; fileRef = A2A2289D2DCB9AC300012DB9 /* sunset-moon-bg.png */; };
		A2A228A02DCBC2B100012DB9 /* sunset_moon_wide_loopable.png in Resources */ = {isa = PBXBuildFile; fileRef = A2A2289F2DCBC2B100012DB9 /* sunset_moon_wide_loopable.png */; };
		A2A228A32DCBDDE700012DB9 /* night_sky.png in Resources */ = {isa = PBXBuildFile; fileRef = A2A228A12DCBDDE700012DB9 /* night_sky.png */; };
		A2A228A42DCBDDE700012DB9 /* sunset_sky.png in Resources */ = {isa = PBXBuildFile; fileRef = A2A228A22DCBDDE700012DB9 /* sunset_sky.png */; };
		A2A228A62DCD55E600012DB9 /* ExamenTheme.swift in Sources */ = {isa = PBXBuildFile; fileRef = A2A228A52DCD55E600012DB9 /* ExamenTheme.swift */; };
		A2A228A82DCD584F00012DB9 /* ThemePickerView.swift in Sources */ = {isa = PBXBuildFile; fileRef = A2A228A72DCD584F00012DB9 /* ThemePickerView.swift */; };
		A2A228AA2DCD59A400012DB9 /* ForestSceneView.swift in Sources */ = {isa = PBXBuildFile; fileRef = A2A228A92DCD59A400012DB9 /* ForestSceneView.swift */; };
		A2A228AC2DCD59BE00012DB9 /* RainSceneView.swift in Sources */ = {isa = PBXBuildFile; fileRef = A2A228AB2DCD59BE00012DB9 /* RainSceneView.swift */; };
		A2A228AE2DCD59DF00012DB9 /* StainedGlassSceneView.swift in Sources */ = {isa = PBXBuildFile; fileRef = A2A228AD2DCD59DF00012DB9 /* StainedGlassSceneView.swift */; };
		A2A228B02DCD59F400012DB9 /* TuscanySceneView.swift in Sources */ = {isa = PBXBuildFile; fileRef = A2A228AF2DCD59F400012DB9 /* TuscanySceneView.swift */; };
		A2A228B22DCD5A0E00012DB9 /* MystSceneView.swift in Sources */ = {isa = PBXBuildFile; fileRef = A2A228B12DCD5A0E00012DB9 /* MystSceneView.swift */; };
		A2A228B52DCE7CD100012DB9 /* forest-scene-reference-Design1.jpg in Resources */ = {isa = PBXBuildFile; fileRef = A2A228B42DCE7CD100012DB9 /* forest-scene-reference-Design1.jpg */; };
		A2A228B82DCE7F8E00012DB9 /* Rain-Reference-Design2.jpg in Resources */ = {isa = PBXBuildFile; fileRef = A2A228B72DCE7F8E00012DB9 /* Rain-Reference-Design2.jpg */; };
		A2A228BA2DCE81D900012DB9 /* water_streaks_overlay.png in Resources */ = {isa = PBXBuildFile; fileRef = A2A228B92DCE81D900012DB9 /* water_streaks_overlay.png */; };
		A2A228BC2DD2736D00012DB9 /* stained-glass-reference-design1.jpg in Resources */ = {isa = PBXBuildFile; fileRef = A2A228BB2DD2736D00012DB9 /* stained-glass-reference-design1.jpg */; };
		A2A228BE2DD2748B00012DB9 /* stained-glass-reference-design2.png in Resources */ = {isa = PBXBuildFile; fileRef = A2A228BD2DD2748B00012DB9 /* stained-glass-reference-design2.png */; };
		A2A228C02DD2831000012DB9 /* leaf.png in Resources */ = {isa = PBXBuildFile; fileRef = A2A228BF2DD2831000012DB9 /* leaf.png */; };
		A2A228C22DD2857600012DB9 /* waterNormal.png in Resources */ = {isa = PBXBuildFile; fileRef = A2A228C12DD2857600012DB9 /* waterNormal.png */; };
		A2A228C42DD3D59B00012DB9 /* GradientSceneView.swift in Sources */ = {isa = PBXBuildFile; fileRef = A2A228C32DD3D59B00012DB9 /* GradientSceneView.swift */; };
		A2E2A7862DE804CB003A364E /* GoogleRainSceneView.swift in Sources */ = {isa = PBXBuildFile; fileRef = A2E2A7852DE804CB003A364E /* GoogleRainSceneView.swift */; };
		A2E2A7882DE808A4003A364E /* SessionService.swift in Sources */ = {isa = PBXBuildFile; fileRef = A2E2A7872DE808A4003A364E /* SessionService.swift */; };
/* End PBXBuildFile section */

/* Begin PBXContainerItemProxy section */
		A2A227E52DC4FD7500012DB9 /* PBXContainerItemProxy */ = {
			isa = PBXContainerItemProxy;
			containerPortal = A2A227CA2DC4FD7200012DB9 /* Project object */;
			proxyType = 1;
			remoteGlobalIDString = A2A227D12DC4FD7200012DB9;
			remoteInfo = IlluminoteSceneDemo;
		};
		A2A227EF2DC4FD7500012DB9 /* PBXContainerItemProxy */ = {
			isa = PBXContainerItemProxy;
			containerPortal = A2A227CA2DC4FD7200012DB9 /* Project object */;
			proxyType = 1;
			remoteGlobalIDString = A2A227D12DC4FD7200012DB9;
			remoteInfo = IlluminoteSceneDemo;
		};
/* End PBXContainerItemProxy section */

/* Begin PBXFileReference section */
		A226F3FB2DE1529000444976 /* ExamenStepView.swift */ = {isa = PBXFileReference; lastKnownFileType = sourcecode.swift; path = ExamenStepView.swift; sourceTree = "<group>"; };
		A226F3FD2DE1549300444976 /* ExamenFlowView.swift */ = {isa = PBXFileReference; lastKnownFileType = sourcecode.swift; path = ExamenFlowView.swift; sourceTree = "<group>"; };
		A226F3FF2DE156B200444976 /* JournalView.swift */ = {isa = PBXFileReference; lastKnownFileType = sourcecode.swift; path = JournalView.swift; sourceTree = "<group>"; };
		A226F4012DE1572600444976 /* PersonalStatementView.swift */ = {isa = PBXFileReference; lastKnownFileType = sourcecode.swift; path = PersonalStatementView.swift; sourceTree = "<group>"; };
		A226F4062DE2114D00444976 /* ExamenPrepViewModel.swift */ = {isa = PBXFileReference; lastKnownFileType = sourcecode.swift; path = ExamenPrepViewModel.swift; sourceTree = "<group>"; };
		A226F4082DE211A400444976 /* ExamenModel.swift */ = {isa = PBXFileReference; lastKnownFileType = sourcecode.swift; path = ExamenModel.swift; sourceTree = "<group>"; };
		A226F40A2DE213B200444976 /* ExamenFlowViewModel.swift */ = {isa = PBXFileReference; lastKnownFileType = sourcecode.swift; path = ExamenFlowViewModel.swift; sourceTree = "<group>"; };
		A226F40C2DE213EB00444976 /* ExamenStepViewModel.swift */ = {isa = PBXFileReference; lastKnownFileType = sourcecode.swift; path = ExamenStepViewModel.swift; sourceTree = "<group>"; };
		A29386AB2DD7C89E0020E41B /* ExamenPrepView.swift */ = {isa = PBXFileReference; lastKnownFileType = sourcecode.swift; path = ExamenPrepView.swift; sourceTree = "<group>"; };
		A2A227D22DC4FD7200012DB9 /* IlluminoteSceneDemo.app */ = {isa = PBXFileReference; explicitFileType = wrapper.application; includeInIndex = 0; path = IlluminoteSceneDemo.app; sourceTree = BUILT_PRODUCTS_DIR; };
		A2A227D52DC4FD7200012DB9 /* IlluminoteSceneDemoApp.swift */ = {isa = PBXFileReference; lastKnownFileType = sourcecode.swift; path = IlluminoteSceneDemoApp.swift; sourceTree = "<group>"; };
		A2A227D72DC4FD7200012DB9 /* ContentView.swift */ = {isa = PBXFileReference; lastKnownFileType = sourcecode.swift; path = ContentView.swift; sourceTree = "<group>"; };
		A2A227D92DC4FD7200012DB9 /* Item.swift */ = {isa = PBXFileReference; lastKnownFileType = sourcecode.swift; path = Item.swift; sourceTree = "<group>"; };
		A2A227DB2DC4FD7500012DB9 /* Assets.xcassets */ = {isa = PBXFileReference; lastKnownFileType = folder.assetcatalog; path = Assets.xcassets; sourceTree = "<group>"; };
		A2A227DE2DC4FD7500012DB9 /* Preview Assets.xcassets */ = {isa = PBXFileReference; lastKnownFileType = folder.assetcatalog; path = "Preview Assets.xcassets"; sourceTree = "<group>"; };
		A2A227E42DC4FD7500012DB9 /* IlluminoteSceneDemoTests.xctest */ = {isa = PBXFileReference; explicitFileType = wrapper.cfbundle; includeInIndex = 0; path = IlluminoteSceneDemoTests.xctest; sourceTree = BUILT_PRODUCTS_DIR; };
		A2A227E82DC4FD7500012DB9 /* IlluminoteSceneDemoTests.swift */ = {isa = PBXFileReference; lastKnownFileType = sourcecode.swift; path = IlluminoteSceneDemoTests.swift; sourceTree = "<group>"; };
		A2A227EE2DC4FD7500012DB9 /* IlluminoteSceneDemoUITests.xctest */ = {isa = PBXFileReference; explicitFileType = wrapper.cfbundle; includeInIndex = 0; path = IlluminoteSceneDemoUITests.xctest; sourceTree = BUILT_PRODUCTS_DIR; };
		A2A227F22DC4FD7500012DB9 /* IlluminoteSceneDemoUITests.swift */ = {isa = PBXFileReference; lastKnownFileType = sourcecode.swift; path = IlluminoteSceneDemoUITests.swift; sourceTree = "<group>"; };
		A2A227F42DC4FD7500012DB9 /* IlluminoteSceneDemoUITestsLaunchTests.swift */ = {isa = PBXFileReference; lastKnownFileType = sourcecode.swift; path = IlluminoteSceneDemoUITestsLaunchTests.swift; sourceTree = "<group>"; };
		A2A228032DC4FEC900012DB9 /* VolumetricMistSceneView.swift */ = {isa = PBXFileReference; lastKnownFileType = sourcecode.swift; path = VolumetricMistSceneView.swift; sourceTree = "<group>"; };
		A2A228052DC5058100012DB9 /* spark.png */ = {isa = PBXFileReference; lastKnownFileType = image.png; name = spark.png; path = ../VolumetricMistSample/spark.png; sourceTree = "<group>"; };
		A2A228072DC5122500012DB9 /* VolumetricMist.scnp */ = {isa = PBXFileReference; lastKnownFileType = file.scp; path = VolumetricMist.scnp; sourceTree = "<group>"; };
		A2A228092DC51A2200012DB9 /* spark_blurred.png */ = {isa = PBXFileReference; lastKnownFileType = image.png; path = spark_blurred.png; sourceTree = "<group>"; };
		A2A2280B2DC5234200012DB9 /* blurry-chapel1.png */ = {isa = PBXFileReference; lastKnownFileType = image.png; path = "blurry-chapel1.png"; sourceTree = "<group>"; };
		A2A2280D2DC5383800012DB9 /* Dim-Chapel-Interior1.png */ = {isa = PBXFileReference; lastKnownFileType = image.png; path = "Dim-Chapel-Interior1.png"; sourceTree = "<group>"; };
		A2A228842DCA918D00012DB9 /* CloudChunk.swift */ = {isa = PBXFileReference; lastKnownFileType = sourcecode.swift; path = CloudChunk.swift; sourceTree = "<group>"; };
		A2A228862DCAF4F100012DB9 /* StylizedCanyonScene.swift */ = {isa = PBXFileReference; lastKnownFileType = sourcecode.swift; path = StylizedCanyonScene.swift; sourceTree = "<group>"; };
		A2A228932DCB011700012DB9 /* distant_trees.png */ = {isa = PBXFileReference; lastKnownFileType = image.png; name = distant_trees.png; path = IlluminoteShapePlaceholders/distant_trees.png; sourceTree = SOURCE_ROOT; };
		A2A228942DCB011800012DB9 /* mist_layer.png */ = {isa = PBXFileReference; lastKnownFileType = image.png; name = mist_layer.png; path = IlluminoteShapePlaceholders/mist_layer.png; sourceTree = SOURCE_ROOT; };
		A2A228952DCB011800012DB9 /* sky_gradient.png */ = {isa = PBXFileReference; lastKnownFileType = image.png; name = sky_gradient.png; path = IlluminoteShapePlaceholders/sky_gradient.png; sourceTree = SOURCE_ROOT; };
		A2A228962DCB011800012DB9 /* foreground_rock.png */ = {isa = PBXFileReference; lastKnownFileType = image.png; name = foreground_rock.png; path = IlluminoteShapePlaceholders/foreground_rock.png; sourceTree = SOURCE_ROOT; };
		A2A228972DCB011800012DB9 /* canyon_wall.png */ = {isa = PBXFileReference; lastKnownFileType = image.png; name = canyon_wall.png; path = IlluminoteShapePlaceholders/canyon_wall.png; sourceTree = SOURCE_ROOT; };
		A2A2289D2DCB9AC300012DB9 /* sunset-moon-bg.png */ = {isa = PBXFileReference; lastKnownFileType = image.png; name = "sunset-moon-bg.png"; path = "IlluminoteShapePlaceholders/sunset-moon-bg.png"; sourceTree = SOURCE_ROOT; };
		A2A2289F2DCBC2B100012DB9 /* sunset_moon_wide_loopable.png */ = {isa = PBXFileReference; lastKnownFileType = image.png; name = sunset_moon_wide_loopable.png; path = IlluminoteShapePlaceholders/sunset_moon_wide_loopable.png; sourceTree = SOURCE_ROOT; };
		A2A228A12DCBDDE700012DB9 /* night_sky.png */ = {isa = PBXFileReference; lastKnownFileType = image.png; name = night_sky.png; path = IlluminoteShapePlaceholders/night_sky.png; sourceTree = SOURCE_ROOT; };
		A2A228A22DCBDDE700012DB9 /* sunset_sky.png */ = {isa = PBXFileReference; lastKnownFileType = image.png; name = sunset_sky.png; path = IlluminoteShapePlaceholders/sunset_sky.png; sourceTree = SOURCE_ROOT; };
		A2A228A52DCD55E600012DB9 /* ExamenTheme.swift */ = {isa = PBXFileReference; lastKnownFileType = sourcecode.swift; path = ExamenTheme.swift; sourceTree = "<group>"; };
		A2A228A72DCD584F00012DB9 /* ThemePickerView.swift */ = {isa = PBXFileReference; lastKnownFileType = sourcecode.swift; path = ThemePickerView.swift; sourceTree = "<group>"; };
		A2A228A92DCD59A400012DB9 /* ForestSceneView.swift */ = {isa = PBXFileReference; lastKnownFileType = sourcecode.swift; path = ForestSceneView.swift; sourceTree = "<group>"; };
		A2A228AB2DCD59BE00012DB9 /* RainSceneView.swift */ = {isa = PBXFileReference; lastKnownFileType = sourcecode.swift; path = RainSceneView.swift; sourceTree = "<group>"; };
		A2A228AD2DCD59DF00012DB9 /* StainedGlassSceneView.swift */ = {isa = PBXFileReference; lastKnownFileType = sourcecode.swift; path = StainedGlassSceneView.swift; sourceTree = "<group>"; };
		A2A228AF2DCD59F400012DB9 /* TuscanySceneView.swift */ = {isa = PBXFileReference; lastKnownFileType = sourcecode.swift; path = TuscanySceneView.swift; sourceTree = "<group>"; };
		A2A228B12DCD5A0E00012DB9 /* MystSceneView.swift */ = {isa = PBXFileReference; lastKnownFileType = sourcecode.swift; path = MystSceneView.swift; sourceTree = "<group>"; };
		A2A228B42DCE7CD100012DB9 /* forest-scene-reference-Design1.jpg */ = {isa = PBXFileReference; lastKnownFileType = image.jpeg; path = "forest-scene-reference-Design1.jpg"; sourceTree = SOURCE_ROOT; };
		A2A228B62DCE7ED300012DB9 /* spark.png */ = {isa = PBXFileReference; lastKnownFileType = image.png; path = spark.png; sourceTree = "<group>"; };
		A2A228B72DCE7F8E00012DB9 /* Rain-Reference-Design2.jpg */ = {isa = PBXFileReference; lastKnownFileType = image.jpeg; path = "Rain-Reference-Design2.jpg"; sourceTree = SOURCE_ROOT; };
		A2A228B92DCE81D900012DB9 /* water_streaks_overlay.png */ = {isa = PBXFileReference; lastKnownFileType = image.png; path = water_streaks_overlay.png; sourceTree = SOURCE_ROOT; };
		A2A228BB2DD2736D00012DB9 /* stained-glass-reference-design1.jpg */ = {isa = PBXFileReference; lastKnownFileType = image.jpeg; path = "stained-glass-reference-design1.jpg"; sourceTree = SOURCE_ROOT; };
		A2A228BD2DD2748B00012DB9 /* stained-glass-reference-design2.png */ = {isa = PBXFileReference; lastKnownFileType = image.png; path = "stained-glass-reference-design2.png"; sourceTree = SOURCE_ROOT; };
		A2A228BF2DD2831000012DB9 /* leaf.png */ = {isa = PBXFileReference; lastKnownFileType = image.png; path = leaf.png; sourceTree = SOURCE_ROOT; };
		A2A228C12DD2857600012DB9 /* waterNormal.png */ = {isa = PBXFileReference; lastKnownFileType = image.png; path = waterNormal.png; sourceTree = SOURCE_ROOT; };
		A2A228C32DD3D59B00012DB9 /* GradientSceneView.swift */ = {isa = PBXFileReference; lastKnownFileType = sourcecode.swift; path = GradientSceneView.swift; sourceTree = "<group>"; };
		A2E2A7852DE804CB003A364E /* GoogleRainSceneView.swift */ = {isa = PBXFileReference; lastKnownFileType = sourcecode.swift; path = GoogleRainSceneView.swift; sourceTree = "<group>"; };
		A2E2A7872DE808A4003A364E /* SessionService.swift */ = {isa = PBXFileReference; lastKnownFileType = sourcecode.swift; path = SessionService.swift; sourceTree = "<group>"; };
/* End PBXFileReference section */

/* Begin PBXFrameworksBuildPhase section */
		A2A227CF2DC4FD7200012DB9 /* Frameworks */ = {
			isa = PBXFrameworksBuildPhase;
			buildActionMask = 2147483647;
			files = (
			);
			runOnlyForDeploymentPostprocessing = 0;
		};
		A2A227E12DC4FD7500012DB9 /* Frameworks */ = {
			isa = PBXFrameworksBuildPhase;
			buildActionMask = 2147483647;
			files = (
			);
			runOnlyForDeploymentPostprocessing = 0;
		};
		A2A227EB2DC4FD7500012DB9 /* Frameworks */ = {
			isa = PBXFrameworksBuildPhase;
			buildActionMask = 2147483647;
			files = (
			);
			runOnlyForDeploymentPostprocessing = 0;
		};
/* End PBXFrameworksBuildPhase section */

/* Begin PBXGroup section */
		A226F4032DE20E4F00444976 /* Examen */ = {
			isa = PBXGroup;
			children = (
				A29386AB2DD7C89E0020E41B /* ExamenPrepView.swift */,
				A226F4062DE2114D00444976 /* ExamenPrepViewModel.swift */,
				A226F3FB2DE1529000444976 /* ExamenStepView.swift */,
				A226F40C2DE213EB00444976 /* ExamenStepViewModel.swift */,
				A226F3FD2DE1549300444976 /* ExamenFlowView.swift */,
				A226F40A2DE213B200444976 /* ExamenFlowViewModel.swift */,
				A2A228A52DCD55E600012DB9 /* ExamenTheme.swift */,
				A226F4082DE211A400444976 /* ExamenModel.swift */,
			);
			path = Examen;
			sourceTree = "<group>";
		};
		A226F4042DE20E6100444976 /* Journal */ = {
			isa = PBXGroup;
			children = (
				A226F3FF2DE156B200444976 /* JournalView.swift */,
			);
			path = Journal;
			sourceTree = "<group>";
		};
		A226F4052DE20E7000444976 /* PSBuilder */ = {
			isa = PBXGroup;
			children = (
				A226F4012DE1572600444976 /* PersonalStatementView.swift */,
			);
			path = PSBuilder;
			sourceTree = "<group>";
		};
		A2A227C92DC4FD7200012DB9 = {
			isa = PBXGroup;
			children = (
				A2A2280D2DC5383800012DB9 /* Dim-Chapel-Interior1.png */,
				A2A2280B2DC5234200012DB9 /* blurry-chapel1.png */,
				A2A228092DC51A2200012DB9 /* spark_blurred.png */,
				A2A228072DC5122500012DB9 /* VolumetricMist.scnp */,
				A2A228052DC5058100012DB9 /* spark.png */,
				A2A227D42DC4FD7200012DB9 /* IlluminoteSceneDemo */,
				A2A227E72DC4FD7500012DB9 /* IlluminoteSceneDemoTests */,
				A2A227F12DC4FD7500012DB9 /* IlluminoteSceneDemoUITests */,
				A2A227D32DC4FD7200012DB9 /* Products */,
			);
			sourceTree = "<group>";
		};
		A2A227D32DC4FD7200012DB9 /* Products */ = {
			isa = PBXGroup;
			children = (
				A2A227D22DC4FD7200012DB9 /* IlluminoteSceneDemo.app */,
				A2A227E42DC4FD7500012DB9 /* IlluminoteSceneDemoTests.xctest */,
				A2A227EE2DC4FD7500012DB9 /* IlluminoteSceneDemoUITests.xctest */,
			);
			name = Products;
			sourceTree = "<group>";
		};
		A2A227D42DC4FD7200012DB9 /* IlluminoteSceneDemo */ = {
			isa = PBXGroup;
			children = (
				A226F4052DE20E7000444976 /* PSBuilder */,
				A226F4042DE20E6100444976 /* Journal */,
				A226F4032DE20E4F00444976 /* Examen */,
				A2A228B32DCE7CA200012DB9 /* SceneViewTempFiles */,
				A2A228862DCAF4F100012DB9 /* StylizedCanyonScene.swift */,
				A2A228A92DCD59A400012DB9 /* ForestSceneView.swift */,
				A2A228AB2DCD59BE00012DB9 /* RainSceneView.swift */,
				A2A228AD2DCD59DF00012DB9 /* StainedGlassSceneView.swift */,
				A2A228AF2DCD59F400012DB9 /* TuscanySceneView.swift */,
				A2A228B12DCD5A0E00012DB9 /* MystSceneView.swift */,
				A2A228C32DD3D59B00012DB9 /* GradientSceneView.swift */,
				A2E2A7852DE804CB003A364E /* GoogleRainSceneView.swift */,
				A2A228882DCAF74E00012DB9 /* Canyon Images */,
				A2A227D52DC4FD7200012DB9 /* IlluminoteSceneDemoApp.swift */,
				A2A227D72DC4FD7200012DB9 /* ContentView.swift */,
				A2A227D92DC4FD7200012DB9 /* Item.swift */,
				A2A227DB2DC4FD7500012DB9 /* Assets.xcassets */,
				A2A227DD2DC4FD7500012DB9 /* Preview Content */,
				A2A228032DC4FEC900012DB9 /* VolumetricMistSceneView.swift */,
				A2A228842DCA918D00012DB9 /* CloudChunk.swift */,
				A2A228A72DCD584F00012DB9 /* ThemePickerView.swift */,
				A2E2A7872DE808A4003A364E /* SessionService.swift */,
			);
			path = IlluminoteSceneDemo;
			sourceTree = "<group>";
		};
		A2A227DD2DC4FD7500012DB9 /* Preview Content */ = {
			isa = PBXGroup;
			children = (
				A2A227DE2DC4FD7500012DB9 /* Preview Assets.xcassets */,
			);
			path = "Preview Content";
			sourceTree = "<group>";
		};
		A2A227E72DC4FD7500012DB9 /* IlluminoteSceneDemoTests */ = {
			isa = PBXGroup;
			children = (
				A2A227E82DC4FD7500012DB9 /* IlluminoteSceneDemoTests.swift */,
			);
			path = IlluminoteSceneDemoTests;
			sourceTree = "<group>";
		};
		A2A227F12DC4FD7500012DB9 /* IlluminoteSceneDemoUITests */ = {
			isa = PBXGroup;
			children = (
				A2A227F22DC4FD7500012DB9 /* IlluminoteSceneDemoUITests.swift */,
				A2A227F42DC4FD7500012DB9 /* IlluminoteSceneDemoUITestsLaunchTests.swift */,
			);
			path = IlluminoteSceneDemoUITests;
			sourceTree = "<group>";
		};
		A2A228882DCAF74E00012DB9 /* Canyon Images */ = {
			isa = PBXGroup;
			children = (
				A2A228A12DCBDDE700012DB9 /* night_sky.png */,
				A2A228A22DCBDDE700012DB9 /* sunset_sky.png */,
				A2A2289F2DCBC2B100012DB9 /* sunset_moon_wide_loopable.png */,
				A2A2289D2DCB9AC300012DB9 /* sunset-moon-bg.png */,
				A2A228972DCB011800012DB9 /* canyon_wall.png */,
				A2A228932DCB011700012DB9 /* distant_trees.png */,
				A2A228962DCB011800012DB9 /* foreground_rock.png */,
				A2A228942DCB011800012DB9 /* mist_layer.png */,
				A2A228952DCB011800012DB9 /* sky_gradient.png */,
			);
			path = "Canyon Images";
			sourceTree = "<group>";
		};
		A2A228B32DCE7CA200012DB9 /* SceneViewTempFiles */ = {
			isa = PBXGroup;
			children = (
				A2A228C12DD2857600012DB9 /* waterNormal.png */,
				A2A228BF2DD2831000012DB9 /* leaf.png */,
				A2A228BD2DD2748B00012DB9 /* stained-glass-reference-design2.png */,
				A2A228BB2DD2736D00012DB9 /* stained-glass-reference-design1.jpg */,
				A2A228B92DCE81D900012DB9 /* water_streaks_overlay.png */,
				A2A228B72DCE7F8E00012DB9 /* Rain-Reference-Design2.jpg */,
				A2A228B62DCE7ED300012DB9 /* spark.png */,
				A2A228B42DCE7CD100012DB9 /* forest-scene-reference-Design1.jpg */,
			);
			path = SceneViewTempFiles;
			sourceTree = "<group>";
		};
/* End PBXGroup section */

/* Begin PBXNativeTarget section */
		A2A227D12DC4FD7200012DB9 /* IlluminoteSceneDemo */ = {
			isa = PBXNativeTarget;
			buildConfigurationList = A2A227F82DC4FD7500012DB9 /* Build configuration list for PBXNativeTarget "IlluminoteSceneDemo" */;
			buildPhases = (
				A2A227CE2DC4FD7200012DB9 /* Sources */,
				A2A227CF2DC4FD7200012DB9 /* Frameworks */,
				A2A227D02DC4FD7200012DB9 /* Resources */,
			);
			buildRules = (
			);
			dependencies = (
			);
			name = IlluminoteSceneDemo;
			productName = IlluminoteSceneDemo;
			productReference = A2A227D22DC4FD7200012DB9 /* IlluminoteSceneDemo.app */;
			productType = "com.apple.product-type.application";
		};
		A2A227E32DC4FD7500012DB9 /* IlluminoteSceneDemoTests */ = {
			isa = PBXNativeTarget;
			buildConfigurationList = A2A227FB2DC4FD7500012DB9 /* Build configuration list for PBXNativeTarget "IlluminoteSceneDemoTests" */;
			buildPhases = (
				A2A227E02DC4FD7500012DB9 /* Sources */,
				A2A227E12DC4FD7500012DB9 /* Frameworks */,
				A2A227E22DC4FD7500012DB9 /* Resources */,
			);
			buildRules = (
			);
			dependencies = (
				A2A227E62DC4FD7500012DB9 /* PBXTargetDependency */,
			);
			name = IlluminoteSceneDemoTests;
			productName = IlluminoteSceneDemoTests;
			productReference = A2A227E42DC4FD7500012DB9 /* IlluminoteSceneDemoTests.xctest */;
			productType = "com.apple.product-type.bundle.unit-test";
		};
		A2A227ED2DC4FD7500012DB9 /* IlluminoteSceneDemoUITests */ = {
			isa = PBXNativeTarget;
			buildConfigurationList = A2A227FE2DC4FD7500012DB9 /* Build configuration list for PBXNativeTarget "IlluminoteSceneDemoUITests" */;
			buildPhases = (
				A2A227EA2DC4FD7500012DB9 /* Sources */,
				A2A227EB2DC4FD7500012DB9 /* Frameworks */,
				A2A227EC2DC4FD7500012DB9 /* Resources */,
			);
			buildRules = (
			);
			dependencies = (
				A2A227F02DC4FD7500012DB9 /* PBXTargetDependency */,
			);
			name = IlluminoteSceneDemoUITests;
			productName = IlluminoteSceneDemoUITests;
			productReference = A2A227EE2DC4FD7500012DB9 /* IlluminoteSceneDemoUITests.xctest */;
			productType = "com.apple.product-type.bundle.ui-testing";
		};
/* End PBXNativeTarget section */

/* Begin PBXProject section */
		A2A227CA2DC4FD7200012DB9 /* Project object */ = {
			isa = PBXProject;
			attributes = {
				BuildIndependentTargetsInParallel = 1;
				LastSwiftUpdateCheck = 1540;
				LastUpgradeCheck = 1540;
				TargetAttributes = {
					A2A227D12DC4FD7200012DB9 = {
						CreatedOnToolsVersion = 15.4;
					};
					A2A227E32DC4FD7500012DB9 = {
						CreatedOnToolsVersion = 15.4;
						TestTargetID = A2A227D12DC4FD7200012DB9;
					};
					A2A227ED2DC4FD7500012DB9 = {
						CreatedOnToolsVersion = 15.4;
						TestTargetID = A2A227D12DC4FD7200012DB9;
					};
				};
			};
			buildConfigurationList = A2A227CD2DC4FD7200012DB9 /* Build configuration list for PBXProject "IlluminoteSceneDemo" */;
			compatibilityVersion = "Xcode 14.0";
			developmentRegion = en;
			hasScannedForEncodings = 0;
			knownRegions = (
				en,
				Base,
			);
			mainGroup = A2A227C92DC4FD7200012DB9;
			productRefGroup = A2A227D32DC4FD7200012DB9 /* Products */;
			projectDirPath = "";
			projectRoot = "";
			targets = (
				A2A227D12DC4FD7200012DB9 /* IlluminoteSceneDemo */,
				A2A227E32DC4FD7500012DB9 /* IlluminoteSceneDemoTests */,
				A2A227ED2DC4FD7500012DB9 /* IlluminoteSceneDemoUITests */,
			);
		};
/* End PBXProject section */

/* Begin PBXResourcesBuildPhase section */
		A2A227D02DC4FD7200012DB9 /* Resources */ = {
			isa = PBXResourcesBuildPhase;
			buildActionMask = 2147483647;
			files = (
				A2A228BA2DCE81D900012DB9 /* water_streaks_overlay.png in Resources */,
				A2A228982DCB011800012DB9 /* distant_trees.png in Resources */,
				A2A2280C2DC5234200012DB9 /* blurry-chapel1.png in Resources */,
				A2A2280E2DC5383800012DB9 /* Dim-Chapel-Interior1.png in Resources */,
				A2A228082DC5122500012DB9 /* VolumetricMist.scnp in Resources */,
				A2A228062DC5058100012DB9 /* spark.png in Resources */,
				A2A228B52DCE7CD100012DB9 /* forest-scene-reference-Design1.jpg in Resources */,
				A2A227DF2DC4FD7500012DB9 /* Preview Assets.xcassets in Resources */,
				A2A228C22DD2857600012DB9 /* waterNormal.png in Resources */,
				A2A2280A2DC51A2200012DB9 /* spark_blurred.png in Resources */,
				A2A228BC2DD2736D00012DB9 /* stained-glass-reference-design1.jpg in Resources */,
				A2A228B82DCE7F8E00012DB9 /* Rain-Reference-Design2.jpg in Resources */,
				A2A227DC2DC4FD7500012DB9 /* Assets.xcassets in Resources */,
				A2A2289C2DCB011800012DB9 /* canyon_wall.png in Resources */,
				A2A228A42DCBDDE700012DB9 /* sunset_sky.png in Resources */,
				A2A228BE2DD2748B00012DB9 /* stained-glass-reference-design2.png in Resources */,
				A2A228C02DD2831000012DB9 /* leaf.png in Resources */,
				A2A228A02DCBC2B100012DB9 /* sunset_moon_wide_loopable.png in Resources */,
				A2A2289A2DCB011800012DB9 /* sky_gradient.png in Resources */,
				A2A228992DCB011800012DB9 /* mist_layer.png in Resources */,
				A2A228A32DCBDDE700012DB9 /* night_sky.png in Resources */,
				A2A2289B2DCB011800012DB9 /* foreground_rock.png in Resources */,
				A2A2289E2DCB9AC300012DB9 /* sunset-moon-bg.png in Resources */,
			);
			runOnlyForDeploymentPostprocessing = 0;
		};
		A2A227E22DC4FD7500012DB9 /* Resources */ = {
			isa = PBXResourcesBuildPhase;
			buildActionMask = 2147483647;
			files = (
			);
			runOnlyForDeploymentPostprocessing = 0;
		};
		A2A227EC2DC4FD7500012DB9 /* Resources */ = {
			isa = PBXResourcesBuildPhase;
			buildActionMask = 2147483647;
			files = (
			);
			runOnlyForDeploymentPostprocessing = 0;
		};
/* End PBXResourcesBuildPhase section */

/* Begin PBXSourcesBuildPhase section */
		A2A227CE2DC4FD7200012DB9 /* Sources */ = {
			isa = PBXSourcesBuildPhase;
			buildActionMask = 2147483647;
			files = (
				A226F40B2DE213B200444976 /* ExamenFlowViewModel.swift in Sources */,
				A2A228042DC4FEC900012DB9 /* VolumetricMistSceneView.swift in Sources */,
				A2A228AE2DCD59DF00012DB9 /* StainedGlassSceneView.swift in Sources */,
				A2A228852DCA918D00012DB9 /* CloudChunk.swift in Sources */,
				A2A228C42DD3D59B00012DB9 /* GradientSceneView.swift in Sources */,
				A226F3FC2DE1529000444976 /* ExamenStepView.swift in Sources */,
				A2A227D82DC4FD7200012DB9 /* ContentView.swift in Sources */,
				A226F4002DE156B200444976 /* JournalView.swift in Sources */,
				A2A228AC2DCD59BE00012DB9 /* RainSceneView.swift in Sources */,
				A226F4092DE211A400444976 /* ExamenModel.swift in Sources */,
				A2A228B02DCD59F400012DB9 /* TuscanySceneView.swift in Sources */,
				A2E2A7882DE808A4003A364E /* SessionService.swift in Sources */,
				A226F4072DE2114D00444976 /* ExamenPrepViewModel.swift in Sources */,
				A2E2A7862DE804CB003A364E /* GoogleRainSceneView.swift in Sources */,
				A2A227DA2DC4FD7200012DB9 /* Item.swift in Sources */,
				A226F4022DE1572600444976 /* PersonalStatementView.swift in Sources */,
				A2A228B22DCD5A0E00012DB9 /* MystSceneView.swift in Sources */,
				A2A228AA2DCD59A400012DB9 /* ForestSceneView.swift in Sources */,
				A226F40D2DE213EB00444976 /* ExamenStepViewModel.swift in Sources */,
				A2A228A82DCD584F00012DB9 /* ThemePickerView.swift in Sources */,
				A2A228872DCAF4F100012DB9 /* StylizedCanyonScene.swift in Sources */,
				A226F3FE2DE1549300444976 /* ExamenFlowView.swift in Sources */,
				A29386AC2DD7C89E0020E41B /* ExamenPrepView.swift in Sources */,
				A2A227D62DC4FD7200012DB9 /* IlluminoteSceneDemoApp.swift in Sources */,
				A2A228A62DCD55E600012DB9 /* ExamenTheme.swift in Sources */,
			);
			runOnlyForDeploymentPostprocessing = 0;
		};
		A2A227E02DC4FD7500012DB9 /* Sources */ = {
			isa = PBXSourcesBuildPhase;
			buildActionMask = 2147483647;
			files = (
				A2A227E92DC4FD7500012DB9 /* IlluminoteSceneDemoTests.swift in Sources */,
			);
			runOnlyForDeploymentPostprocessing = 0;
		};
		A2A227EA2DC4FD7500012DB9 /* Sources */ = {
			isa = PBXSourcesBuildPhase;
			buildActionMask = 2147483647;
			files = (
				A2A227F52DC4FD7500012DB9 /* IlluminoteSceneDemoUITestsLaunchTests.swift in Sources */,
				A2A227F32DC4FD7500012DB9 /* IlluminoteSceneDemoUITests.swift in Sources */,
			);
			runOnlyForDeploymentPostprocessing = 0;
		};
/* End PBXSourcesBuildPhase section */

/* Begin PBXTargetDependency section */
		A2A227E62DC4FD7500012DB9 /* PBXTargetDependency */ = {
			isa = PBXTargetDependency;
			target = A2A227D12DC4FD7200012DB9 /* IlluminoteSceneDemo */;
			targetProxy = A2A227E52DC4FD7500012DB9 /* PBXContainerItemProxy */;
		};
		A2A227F02DC4FD7500012DB9 /* PBXTargetDependency */ = {
			isa = PBXTargetDependency;
			target = A2A227D12DC4FD7200012DB9 /* IlluminoteSceneDemo */;
			targetProxy = A2A227EF2DC4FD7500012DB9 /* PBXContainerItemProxy */;
		};
/* End PBXTargetDependency section */

/* Begin XCBuildConfiguration section */
		A2A227F62DC4FD7500012DB9 /* Debug */ = {
			isa = XCBuildConfiguration;
			buildSettings = {
				ALWAYS_SEARCH_USER_PATHS = NO;
				ASSETCATALOG_COMPILER_GENERATE_SWIFT_ASSET_SYMBOL_EXTENSIONS = YES;
				CLANG_ANALYZER_NONNULL = YES;
				CLANG_ANALYZER_NUMBER_OBJECT_CONVERSION = YES_AGGRESSIVE;
				CLANG_CXX_LANGUAGE_STANDARD = "gnu++20";
				CLANG_ENABLE_MODULES = YES;
				CLANG_ENABLE_OBJC_ARC = YES;
				CLANG_ENABLE_OBJC_WEAK = YES;
				CLANG_WARN_BLOCK_CAPTURE_AUTORELEASING = YES;
				CLANG_WARN_BOOL_CONVERSION = YES;
				CLANG_WARN_COMMA = YES;
				CLANG_WARN_CONSTANT_CONVERSION = YES;
				CLANG_WARN_DEPRECATED_OBJC_IMPLEMENTATIONS = YES;
				CLANG_WARN_DIRECT_OBJC_ISA_USAGE = YES_ERROR;
				CLANG_WARN_DOCUMENTATION_COMMENTS = YES;
				CLANG_WARN_EMPTY_BODY = YES;
				CLANG_WARN_ENUM_CONVERSION = YES;
				CLANG_WARN_INFINITE_RECURSION = YES;
				CLANG_WARN_INT_CONVERSION = YES;
				CLANG_WARN_NON_LITERAL_NULL_CONVERSION = YES;
				CLANG_WARN_OBJC_IMPLICIT_RETAIN_SELF = YES;
				CLANG_WARN_OBJC_LITERAL_CONVERSION = YES;
				CLANG_WARN_OBJC_ROOT_CLASS = YES_ERROR;
				CLANG_WARN_QUOTED_INCLUDE_IN_FRAMEWORK_HEADER = YES;
				CLANG_WARN_RANGE_LOOP_ANALYSIS = YES;
				CLANG_WARN_STRICT_PROTOTYPES = YES;
				CLANG_WARN_SUSPICIOUS_MOVE = YES;
				CLANG_WARN_UNGUARDED_AVAILABILITY = YES_AGGRESSIVE;
				CLANG_WARN_UNREACHABLE_CODE = YES;
				CLANG_WARN__DUPLICATE_METHOD_MATCH = YES;
				COPY_PHASE_STRIP = NO;
				DEBUG_INFORMATION_FORMAT = dwarf;
				ENABLE_STRICT_OBJC_MSGSEND = YES;
				ENABLE_TESTABILITY = YES;
				ENABLE_USER_SCRIPT_SANDBOXING = YES;
				GCC_C_LANGUAGE_STANDARD = gnu17;
				GCC_DYNAMIC_NO_PIC = NO;
				GCC_NO_COMMON_BLOCKS = YES;
				GCC_OPTIMIZATION_LEVEL = 0;
				GCC_PREPROCESSOR_DEFINITIONS = (
					"DEBUG=1",
					"$(inherited)",
				);
				GCC_WARN_64_TO_32_BIT_CONVERSION = YES;
				GCC_WARN_ABOUT_RETURN_TYPE = YES_ERROR;
				GCC_WARN_UNDECLARED_SELECTOR = YES;
				GCC_WARN_UNINITIALIZED_AUTOS = YES_AGGRESSIVE;
				GCC_WARN_UNUSED_FUNCTION = YES;
				GCC_WARN_UNUSED_VARIABLE = YES;
				IPHONEOS_DEPLOYMENT_TARGET = 17.5;
				LOCALIZATION_PREFERS_STRING_CATALOGS = YES;
				MTL_ENABLE_DEBUG_INFO = INCLUDE_SOURCE;
				MTL_FAST_MATH = YES;
				ONLY_ACTIVE_ARCH = YES;
				SDKROOT = iphoneos;
				SWIFT_ACTIVE_COMPILATION_CONDITIONS = "DEBUG $(inherited)";
				SWIFT_OPTIMIZATION_LEVEL = "-Onone";
			};
			name = Debug;
		};
		A2A227F72DC4FD7500012DB9 /* Release */ = {
			isa = XCBuildConfiguration;
			buildSettings = {
				ALWAYS_SEARCH_USER_PATHS = NO;
				ASSETCATALOG_COMPILER_GENERATE_SWIFT_ASSET_SYMBOL_EXTENSIONS = YES;
				CLANG_ANALYZER_NONNULL = YES;
				CLANG_ANALYZER_NUMBER_OBJECT_CONVERSION = YES_AGGRESSIVE;
				CLANG_CXX_LANGUAGE_STANDARD = "gnu++20";
				CLANG_ENABLE_MODULES = YES;
				CLANG_ENABLE_OBJC_ARC = YES;
				CLANG_ENABLE_OBJC_WEAK = YES;
				CLANG_WARN_BLOCK_CAPTURE_AUTORELEASING = YES;
				CLANG_WARN_BOOL_CONVERSION = YES;
				CLANG_WARN_COMMA = YES;
				CLANG_WARN_CONSTANT_CONVERSION = YES;
				CLANG_WARN_DEPRECATED_OBJC_IMPLEMENTATIONS = YES;
				CLANG_WARN_DIRECT_OBJC_ISA_USAGE = YES_ERROR;
				CLANG_WARN_DOCUMENTATION_COMMENTS = YES;
				CLANG_WARN_EMPTY_BODY = YES;
				CLANG_WARN_ENUM_CONVERSION = YES;
				CLANG_WARN_INFINITE_RECURSION = YES;
				CLANG_WARN_INT_CONVERSION = YES;
				CLANG_WARN_NON_LITERAL_NULL_CONVERSION = YES;
				CLANG_WARN_OBJC_IMPLICIT_RETAIN_SELF = YES;
				CLANG_WARN_OBJC_LITERAL_CONVERSION = YES;
				CLANG_WARN_OBJC_ROOT_CLASS = YES_ERROR;
				CLANG_WARN_QUOTED_INCLUDE_IN_FRAMEWORK_HEADER = YES;
				CLANG_WARN_RANGE_LOOP_ANALYSIS = YES;
				CLANG_WARN_STRICT_PROTOTYPES = YES;
				CLANG_WARN_SUSPICIOUS_MOVE = YES;
				CLANG_WARN_UNGUARDED_AVAILABILITY = YES_AGGRESSIVE;
				CLANG_WARN_UNREACHABLE_CODE = YES;
				CLANG_WARN__DUPLICATE_METHOD_MATCH = YES;
				COPY_PHASE_STRIP = NO;
				DEBUG_INFORMATION_FORMAT = "dwarf-with-dsym";
				ENABLE_NS_ASSERTIONS = NO;
				ENABLE_STRICT_OBJC_MSGSEND = YES;
				ENABLE_USER_SCRIPT_SANDBOXING = YES;
				GCC_C_LANGUAGE_STANDARD = gnu17;
				GCC_NO_COMMON_BLOCKS = YES;
				GCC_WARN_64_TO_32_BIT_CONVERSION = YES;
				GCC_WARN_ABOUT_RETURN_TYPE = YES_ERROR;
				GCC_WARN_UNDECLARED_SELECTOR = YES;
				GCC_WARN_UNINITIALIZED_AUTOS = YES_AGGRESSIVE;
				GCC_WARN_UNUSED_FUNCTION = YES;
				GCC_WARN_UNUSED_VARIABLE = YES;
				IPHONEOS_DEPLOYMENT_TARGET = 17.5;
				LOCALIZATION_PREFERS_STRING_CATALOGS = YES;
				MTL_ENABLE_DEBUG_INFO = NO;
				MTL_FAST_MATH = YES;
				SDKROOT = iphoneos;
				SWIFT_COMPILATION_MODE = wholemodule;
				VALIDATE_PRODUCT = YES;
			};
			name = Release;
		};
		A2A227F92DC4FD7500012DB9 /* Debug */ = {
			isa = XCBuildConfiguration;
			buildSettings = {
				ASSETCATALOG_COMPILER_APPICON_NAME = AppIcon;
				ASSETCATALOG_COMPILER_GLOBAL_ACCENT_COLOR_NAME = AccentColor;
				CODE_SIGN_STYLE = Automatic;
				CURRENT_PROJECT_VERSION = 1;
				DEVELOPMENT_ASSET_PATHS = "\"IlluminoteSceneDemo/Preview Content\"";
				ENABLE_PREVIEWS = YES;
				GENERATE_INFOPLIST_FILE = YES;
				INFOPLIST_KEY_UIApplicationSceneManifest_Generation = YES;
				INFOPLIST_KEY_UIApplicationSupportsIndirectInputEvents = YES;
				INFOPLIST_KEY_UILaunchScreen_Generation = YES;
				INFOPLIST_KEY_UISupportedInterfaceOrientations_iPad = "UIInterfaceOrientationPortrait UIInterfaceOrientationPortraitUpsideDown UIInterfaceOrientationLandscapeLeft UIInterfaceOrientationLandscapeRight";
				INFOPLIST_KEY_UISupportedInterfaceOrientations_iPhone = "UIInterfaceOrientationPortrait UIInterfaceOrientationLandscapeLeft UIInterfaceOrientationLandscapeRight";
				LD_RUNPATH_SEARCH_PATHS = (
					"$(inherited)",
					"@executable_path/Frameworks",
				);
				MARKETING_VERSION = 1.0;
				PRODUCT_BUNDLE_IDENTIFIER = com.tobias.nownes.IlluminoteSceneDemo;
				PRODUCT_NAME = "$(TARGET_NAME)";
				SWIFT_EMIT_LOC_STRINGS = YES;
				SWIFT_VERSION = 5.0;
				TARGETED_DEVICE_FAMILY = "1,2";
			};
			name = Debug;
		};
		A2A227FA2DC4FD7500012DB9 /* Release */ = {
			isa = XCBuildConfiguration;
			buildSettings = {
				ASSETCATALOG_COMPILER_APPICON_NAME = AppIcon;
				ASSETCATALOG_COMPILER_GLOBAL_ACCENT_COLOR_NAME = AccentColor;
				CODE_SIGN_STYLE = Automatic;
				CURRENT_PROJECT_VERSION = 1;
				DEVELOPMENT_ASSET_PATHS = "\"IlluminoteSceneDemo/Preview Content\"";
				ENABLE_PREVIEWS = YES;
				GENERATE_INFOPLIST_FILE = YES;
				INFOPLIST_KEY_UIApplicationSceneManifest_Generation = YES;
				INFOPLIST_KEY_UIApplicationSupportsIndirectInputEvents = YES;
				INFOPLIST_KEY_UILaunchScreen_Generation = YES;
				INFOPLIST_KEY_UISupportedInterfaceOrientations_iPad = "UIInterfaceOrientationPortrait UIInterfaceOrientationPortraitUpsideDown UIInterfaceOrientationLandscapeLeft UIInterfaceOrientationLandscapeRight";
				INFOPLIST_KEY_UISupportedInterfaceOrientations_iPhone = "UIInterfaceOrientationPortrait UIInterfaceOrientationLandscapeLeft UIInterfaceOrientationLandscapeRight";
				LD_RUNPATH_SEARCH_PATHS = (
					"$(inherited)",
					"@executable_path/Frameworks",
				);
				MARKETING_VERSION = 1.0;
				PRODUCT_BUNDLE_IDENTIFIER = com.tobias.nownes.IlluminoteSceneDemo;
				PRODUCT_NAME = "$(TARGET_NAME)";
				SWIFT_EMIT_LOC_STRINGS = YES;
				SWIFT_VERSION = 5.0;
				TARGETED_DEVICE_FAMILY = "1,2";
			};
			name = Release;
		};
		A2A227FC2DC4FD7500012DB9 /* Debug */ = {
			isa = XCBuildConfiguration;
			buildSettings = {
				ALWAYS_EMBED_SWIFT_STANDARD_LIBRARIES = YES;
				BUNDLE_LOADER = "$(TEST_HOST)";
				CODE_SIGN_STYLE = Automatic;
				CURRENT_PROJECT_VERSION = 1;
				GENERATE_INFOPLIST_FILE = YES;
				IPHONEOS_DEPLOYMENT_TARGET = 17.5;
				MARKETING_VERSION = 1.0;
				PRODUCT_BUNDLE_IDENTIFIER = com.tobias.nownes.IlluminoteSceneDemoTests;
				PRODUCT_NAME = "$(TARGET_NAME)";
				SWIFT_EMIT_LOC_STRINGS = NO;
				SWIFT_VERSION = 5.0;
				TARGETED_DEVICE_FAMILY = "1,2";
				TEST_HOST = "$(BUILT_PRODUCTS_DIR)/IlluminoteSceneDemo.app/$(BUNDLE_EXECUTABLE_FOLDER_PATH)/IlluminoteSceneDemo";
			};
			name = Debug;
		};
		A2A227FD2DC4FD7500012DB9 /* Release */ = {
			isa = XCBuildConfiguration;
			buildSettings = {
				ALWAYS_EMBED_SWIFT_STANDARD_LIBRARIES = YES;
				BUNDLE_LOADER = "$(TEST_HOST)";
				CODE_SIGN_STYLE = Automatic;
				CURRENT_PROJECT_VERSION = 1;
				GENERATE_INFOPLIST_FILE = YES;
				IPHONEOS_DEPLOYMENT_TARGET = 17.5;
				MARKETING_VERSION = 1.0;
				PRODUCT_BUNDLE_IDENTIFIER = com.tobias.nownes.IlluminoteSceneDemoTests;
				PRODUCT_NAME = "$(TARGET_NAME)";
				SWIFT_EMIT_LOC_STRINGS = NO;
				SWIFT_VERSION = 5.0;
				TARGETED_DEVICE_FAMILY = "1,2";
				TEST_HOST = "$(BUILT_PRODUCTS_DIR)/IlluminoteSceneDemo.app/$(BUNDLE_EXECUTABLE_FOLDER_PATH)/IlluminoteSceneDemo";
			};
			name = Release;
		};
		A2A227FF2DC4FD7500012DB9 /* Debug */ = {
			isa = XCBuildConfiguration;
			buildSettings = {
				ALWAYS_EMBED_SWIFT_STANDARD_LIBRARIES = YES;
				CODE_SIGN_STYLE = Automatic;
				CURRENT_PROJECT_VERSION = 1;
				GENERATE_INFOPLIST_FILE = YES;
				MARKETING_VERSION = 1.0;
				PRODUCT_BUNDLE_IDENTIFIER = com.tobias.nownes.IlluminoteSceneDemoUITests;
				PRODUCT_NAME = "$(TARGET_NAME)";
				SWIFT_EMIT_LOC_STRINGS = NO;
				SWIFT_VERSION = 5.0;
				TARGETED_DEVICE_FAMILY = "1,2";
				TEST_TARGET_NAME = IlluminoteSceneDemo;
			};
			name = Debug;
		};
		A2A228002DC4FD7500012DB9 /* Release */ = {
			isa = XCBuildConfiguration;
			buildSettings = {
				ALWAYS_EMBED_SWIFT_STANDARD_LIBRARIES = YES;
				CODE_SIGN_STYLE = Automatic;
				CURRENT_PROJECT_VERSION = 1;
				GENERATE_INFOPLIST_FILE = YES;
				MARKETING_VERSION = 1.0;
				PRODUCT_BUNDLE_IDENTIFIER = com.tobias.nownes.IlluminoteSceneDemoUITests;
				PRODUCT_NAME = "$(TARGET_NAME)";
				SWIFT_EMIT_LOC_STRINGS = NO;
				SWIFT_VERSION = 5.0;
				TARGETED_DEVICE_FAMILY = "1,2";
				TEST_TARGET_NAME = IlluminoteSceneDemo;
			};
			name = Release;
		};
/* End XCBuildConfiguration section */

/* Begin XCConfigurationList section */
		A2A227CD2DC4FD7200012DB9 /* Build configuration list for PBXProject "IlluminoteSceneDemo" */ = {
			isa = XCConfigurationList;
			buildConfigurations = (
				A2A227F62DC4FD7500012DB9 /* Debug */,
				A2A227F72DC4FD7500012DB9 /* Release */,
			);
			defaultConfigurationIsVisible = 0;
			defaultConfigurationName = Release;
		};
		A2A227F82DC4FD7500012DB9 /* Build configuration list for PBXNativeTarget "IlluminoteSceneDemo" */ = {
			isa = XCConfigurationList;
			buildConfigurations = (
				A2A227F92DC4FD7500012DB9 /* Debug */,
				A2A227FA2DC4FD7500012DB9 /* Release */,
			);
			defaultConfigurationIsVisible = 0;
			defaultConfigurationName = Release;
		};
		A2A227FB2DC4FD7500012DB9 /* Build configuration list for PBXNativeTarget "IlluminoteSceneDemoTests" */ = {
			isa = XCConfigurationList;
			buildConfigurations = (
				A2A227FC2DC4FD7500012DB9 /* Debug */,
				A2A227FD2DC4FD7500012DB9 /* Release */,
			);
			defaultConfigurationIsVisible = 0;
			defaultConfigurationName = Release;
		};
		A2A227FE2DC4FD7500012DB9 /* Build configuration list for PBXNativeTarget "IlluminoteSceneDemoUITests" */ = {
			isa = XCConfigurationList;
			buildConfigurations = (
				A2A227FF2DC4FD7500012DB9 /* Debug */,
				A2A228002DC4FD7500012DB9 /* Release */,
			);
			defaultConfigurationIsVisible = 0;
			defaultConfigurationName = Release;
		};
/* End XCConfigurationList section */
	};
	rootObject = A2A227CA2DC4FD7200012DB9 /* Project object */;
}
